
Microsoft Visual Studio Solution File, Format Version 12.00
# Visual Studio Version 16
VisualStudioVersion = 16.0.30011.22
MinimumVisualStudioVersion = 10.0.40219.1
Project("{FAE04EC0-301F-11D3-BF4B-00C04F79EFBC}") = "Final Capstone Car Dealership", "Final Capstone Car Dealership\Final Capstone Car Dealership.csproj", "{3D1DCE89-0617-49E2-B6E7-5121B551993A}"
EndProject
Global
	GlobalSection(SolutionConfigurationPlatforms) = preSolution
		Debug|Any CPU = Debug|Any CPU
		Release|Any CPU = Release|Any CPU
	EndGlobalSection
	GlobalSection(ProjectConfigurationPlatforms) = postSolution
		{3D1DCE89-0617-49E2-B6E7-5121B551993A}.Debug|Any CPU.ActiveCfg = Debug|Any CPU
		{3D1DCE89-0617-49E2-B6E7-5121B551993A}.Debug|Any CPU.Build.0 = Debug|Any CPU
		{3D1DCE89-0617-49E2-B6E7-5121B551993A}.Release|Any CPU.ActiveCfg = Release|Any CPU
		{3D1DCE89-0617-49E2-B6E7-5121B551993A}.Release|Any CPU.Build.0 = Release|Any CPU
	EndGlobalSection
	GlobalSection(SolutionProperties) = preSolution
		HideSolutionNode = FALSE
	EndGlobalSection
	GlobalSection(ExtensibilityGlobals) = postSolution
		SolutionGuid = {782994A7-F71F-4CB8-84C3-F5B64EF445FC}
	EndGlobalSection
EndGlobal
